Microsoft Visual Studio Solution File, Format Version 11.00
# Visual Studio 2008

Project("{D350E58B-2A3F-5B88-6B36-53A8ABD54CB2}") = "Penguin_noir_game", "Assembly-CSharp-vs.csproj", "{832F5368-3A43-85B9-7697-7C80F0DBCB1E}"
EndProject
Project("{D350E58B-2A3F-5B88-6B36-53A8ABD54CB2}") = "Penguin_noir_game", "Assembly-CSharp-Editor-vs.csproj", "{2886F261-3C43-E50E-CFED-8724C0F3B148}"
EndProject
Global
	GlobalSection(SolutionConfigurationPlatforms) = preSolution
		Debug|Any CPU = Debug|Any CPU
		Release|Any CPU = Release|Any CPU
	EndGlobalSection
	GlobalSection(ProjectConfigurationPlatforms) = postSolution
		{832F5368-3A43-85B9-7697-7C80F0DBCB1E}.Debug|Any CPU.ActiveCfg = Debug|Any CPU
		{832F5368-3A43-85B9-7697-7C80F0DBCB1E}.Debug|Any CPU.Build.0 = Debug|Any CPU
		{832F5368-3A43-85B9-7697-7C80F0DBCB1E}.Release|Any CPU.ActiveCfg = Release|Any CPU
		{832F5368-3A43-85B9-7697-7C80F0DBCB1E}.Release|Any CPU.Build.0 = Release|Any CPU
		{2886F261-3C43-E50E-CFED-8724C0F3B148}.Debug|Any CPU.ActiveCfg = Debug|Any CPU
		{2886F261-3C43-E50E-CFED-8724C0F3B148}.Debug|Any CPU.Build.0 = Debug|Any CPU
		{2886F261-3C43-E50E-CFED-8724C0F3B148}.Release|Any CPU.ActiveCfg = Release|Any CPU
		{2886F261-3C43-E50E-CFED-8724C0F3B148}.Release|Any CPU.Build.0 = Release|Any CPU
	EndGlobalSection
	GlobalSection(SolutionProperties) = preSolution
		HideSolutionNode = FALSE
	EndGlobalSection
																																																																GlobalSection(MonoDevelopProperties) = preSolution
=======
<<<<<<< HEAD
																																																												GlobalSection(MonoDevelopProperties) = preSolution
=======
<<<<<<< HEAD
																																																											GlobalSection(MonoDevelopProperties) = preSolution
>>>>>>> f375185b3a35d282a54d779e15da4191813d3e39
=======
<<<<<<< HEAD
																																																							GlobalSection(MonoDevelopProperties) = preSolution
>>>>>>> 86ef67ee3862c83202952c7c04e7f583e217b5d9
=======
																																																										GlobalSection(MonoDevelopProperties) = preSolution
>>>>>>> be49e665da3279386a6feb10f8d4f6424b6de37e
>>>>>>> 8a8408b6d8044bebaf121420f843de4196f58ed8
=======
																																				GlobalSection(MonoDevelopProperties) = preSolution
>>>>>>> 51d1dff74e53b74a85504c554622c9e83c82bff2
=======
																																				GlobalSection(MonoDevelopProperties) = preSolution
<<<<<<< HEAD
=======
=======
																											GlobalSection(MonoDevelopProperties) = preSolution
>>>>>>> 7a3e8527dccebecabea958a3f8382e5c7917cb42
>>>>>>> abffc0ff87651d9a0e5a2222c3312451eb3359ba
=======
<<<<<<< HEAD
																										GlobalSection(MonoDevelopProperties) = preSolution
>>>>>>> 7a3e8527dccebecabea958a3f8382e5c7917cb42
=======
																						GlobalSection(MonoDevelopProperties) = preSolution
>>>>>>> 9afdb7845718c26dbb5030ece5a81606b74ee82f
>>>>>>> a1f8397a2f4a8af26d8ddc09901c6cc9f001009e
		StartupItem = Assembly-CSharp.csproj
		Policies = $0
		$0.TextStylePolicy = $1
		$1.inheritsSet = null
		$1.scope = text/x-csharp
		$0.CSharpFormattingPolicy = $2
		$2.inheritsSet = Mono
		$2.inheritsScope = text/x-csharp
		$2.scope = text/x-csharp
		$0.TextStylePolicy = $3
		$3.FileWidth = 120
		$3.TabWidth = 4
		$3.EolMarker = Unix
		$3.inheritsSet = Mono
		$3.inheritsScope = text/plain
		$3.scope = text/plain
	EndGlobalSection

EndGlobal
